Microsoft Visual Studio Solution File, Format Version 12.00
# Visual Studio Version 17
VisualStudioVersion = 17.5.2.0
MinimumVisualStudioVersion = 10.0.40219.1
Project("{FAE04EC0-301F-11D3-BF4B-00C04F79EFBC}") = "CinemaBookingAPI", "CinemaBookingAPI\CinemaBookingAPI.csproj", "{746AAB1D-F703-B3B3-F6BC-35F5E3ACFD44}"
EndProject
Global
	GlobalSection(SolutionConfigurationPlatforms) = preSolution
		Debug|Any CPU = Debug|Any CPU
		Release|Any CPU = Release|Any CPU
	EndGlobalSection
	GlobalSection(ProjectConfigurationPlatforms) = postSolution
		{746AAB1D-F703-B3B3-F6BC-35F5E3ACFD44}.Debug|Any CPU.ActiveCfg = Debug|Any CPU
		{746AAB1D-F703-B3B3-F6BC-35F5E3ACFD44}.Debug|Any CPU.Build.0 = Debug|Any CPU
		{746AAB1D-F703-B3B3-F6BC-35F5E3ACFD44}.Release|Any CPU.ActiveCfg = Release|Any CPU
		{746AAB1D-F703-B3B3-F6BC-35F5E3ACFD44}.Release|Any CPU.Build.0 = Release|Any CPU
	EndGlobalSection
	GlobalSection(SolutionProperties) = preSolution
		HideSolutionNode = FALSE
	EndGlobalSection
	GlobalSection(ExtensibilityGlobals) = postSolution
		SolutionGuid = {49372E82-B4FE-4506-95B7-22EB68B58C7D}
	EndGlobalSection
EndGlobal
